
Microsoft Visual Studio Solution File, Format Version 12.00
# Visual Studio 15
VisualStudioVersion = 15.0.27703.2047
MinimumVisualStudioVersion = 10.0.40219.1
Project("{FAE04EC0-301F-11D3-BF4B-00C04F79EFBC}") = "CharExecution", "CharExecution\CharExecution.csproj", "{39C7828D-E710-4EB9-8DDA-95FD504662D9}"
EndProject
Project("{FAE04EC0-301F-11D3-BF4B-00C04F79EFBC}") = "TxtCombine", "TxtCombine\TxtCombine.csproj", "{C275BB56-30ED-4DF9-8349-708ACC67B110}"
EndProject
Global
	GlobalSection(SolutionConfigurationPlatforms) = preSolution
		Debug|Any CPU = Debug|Any CPU
		Release|Any CPU = Release|Any CPU
	EndGlobalSection
	GlobalSection(ProjectConfigurationPlatforms) = postSolution
		{39C7828D-E710-4EB9-8DDA-95FD504662D9}.Debug|Any CPU.ActiveCfg = Debug|Any CPU
		{39C7828D-E710-4EB9-8DDA-95FD504662D9}.Debug|Any CPU.Build.0 = Debug|Any CPU
		{39C7828D-E710-4EB9-8DDA-95FD504662D9}.Release|Any CPU.ActiveCfg = Release|Any CPU
		{39C7828D-E710-4EB9-8DDA-95FD504662D9}.Release|Any CPU.Build.0 = Release|Any CPU
		{C275BB56-30ED-4DF9-8349-708ACC67B110}.Debug|Any CPU.ActiveCfg = Debug|Any CPU
		{C275BB56-30ED-4DF9-8349-708ACC67B110}.Debug|Any CPU.Build.0 = Debug|Any CPU
		{C275BB56-30ED-4DF9-8349-708ACC67B110}.Release|Any CPU.ActiveCfg = Release|Any CPU
		{C275BB56-30ED-4DF9-8349-708ACC67B110}.Release|Any CPU.Build.0 = Release|Any CPU
	EndGlobalSection
	GlobalSection(SolutionProperties) = preSolution
		HideSolutionNode = FALSE
	EndGlobalSection
	GlobalSection(ExtensibilityGlobals) = postSolution
		SolutionGuid = {16E80865-A395-4917-8935-9E83478CE6BB}
	EndGlobalSection
EndGlobal
